
Microsoft Visual Studio Solution File, Format Version 12.00
# Visual Studio Version 16
VisualStudioVersion = 25.0.1706.8
MinimumVisualStudioVersion = 10.0.40219.1
Project("{FAE04EC0-301F-11D3-BF4B-00C04F79EFBC}") = "calendarProApi", "calendarProApi\calendarProApi.csproj", "{678E0910-6D3F-4122-9137-0A831F09318F}"
EndProject
Global
	GlobalSection(SolutionConfigurationPlatforms) = preSolution
		Debug|Any CPU = Debug|Any CPU
		Release|Any CPU = Release|Any CPU
	EndGlobalSection
	GlobalSection(ProjectConfigurationPlatforms) = postSolution
		{678E0910-6D3F-4122-9137-0A831F09318F}.Debug|Any CPU.ActiveCfg = Debug|Any CPU
		{678E0910-6D3F-4122-9137-0A831F09318F}.Debug|Any CPU.Build.0 = Debug|Any CPU
		{678E0910-6D3F-4122-9137-0A831F09318F}.Release|Any CPU.ActiveCfg = Release|Any CPU
		{678E0910-6D3F-4122-9137-0A831F09318F}.Release|Any CPU.Build.0 = Release|Any CPU
	EndGlobalSection
	GlobalSection(SolutionProperties) = preSolution
		HideSolutionNode = FALSE
	EndGlobalSection
	GlobalSection(ExtensibilityGlobals) = postSolution
		SolutionGuid = {9CB7D943-7F49-44DA-B55D-29415907FBEF}
	EndGlobalSection
EndGlobal
